
Microsoft Visual Studio Solution File, Format Version 12.00
# Visual Studio 14
VisualStudioVersion = 14.0.25420.1
MinimumVisualStudioVersion = 10.0.40219.1
Project("{FAE04EC0-301F-11D3-BF4B-00C04F79EFBC}") = "Assignmet1", "Assignmet1\Assignmet1.csproj", "{596EDAF5-F474-4619-B4A7-44AA974FCCC9}"
EndProject
Global
	GlobalSection(SolutionConfigurationPlatforms) = preSolution
		Debug|Any CPU = Debug|Any CPU
		Release|Any CPU = Release|Any CPU
	EndGlobalSection
	GlobalSection(ProjectConfigurationPlatforms) = postSolution
		{596EDAF5-F474-4619-B4A7-44AA974FCCC9}.Debug|Any CPU.ActiveCfg = Debug|Any CPU
		{596EDAF5-F474-4619-B4A7-44AA974FCCC9}.Debug|Any CPU.Build.0 = Debug|Any CPU
		{596EDAF5-F474-4619-B4A7-44AA974FCCC9}.Release|Any CPU.ActiveCfg = Release|Any CPU
		{596EDAF5-F474-4619-B4A7-44AA974FCCC9}.Release|Any CPU.Build.0 = Release|Any CPU
	EndGlobalSection
	GlobalSection(SolutionProperties) = preSolution
		HideSolutionNode = FALSE
	EndGlobalSection
EndGlobal
